
Microsoft Visual Studio Solution File, Format Version 12.00
# Visual Studio Version 16
VisualStudioVersion = 16.0.30717.126
MinimumVisualStudioVersion = 10.0.40219.1
Project("{9A19103F-16F7-4668-BE54-9A1E7A4F7556}") = "KampIntro", "KampIntro\KampIntro.csproj", "{F4B3278D-EB54-4CCF-BA9E-984A53B22CF1}"
EndProject
Project("{9A19103F-16F7-4668-BE54-9A1E7A4F7556}") = "Donguler", "Donguler\Donguler.csproj", "{7DED8AED-5504-4D2B-A0AE-BE9BFBF2A586}"
EndProject
Project("{9A19103F-16F7-4668-BE54-9A1E7A4F7556}") = "ClassIntro", "ClassIntro\ClassIntro.csproj", "{71CE0262-C3EC-4075-9501-87F33DE83208}"
EndProject
Project("{9A19103F-16F7-4668-BE54-9A1E7A4F7556}") = "Metotlar", "Metotlar\Metotlar.csproj", "{5C52E43B-F9E1-4E93-BA39-865B81AC2E62}"
EndProject
Project("{9A19103F-16F7-4668-BE54-9A1E7A4F7556}") = "Matematik", "Matematik\Matematik.csproj", "{A5E2D228-3A64-43CE-80C1-FDBDE89483D6}"
EndProject
Project("{9A19103F-16F7-4668-BE54-9A1E7A4F7556}") = "DegerveReferansTipler", "DegerveReferansTipler\DegerveReferansTipler.csproj", "{78A33522-F2FF-4217-9380-B75804CFB228}"
EndProject
Project("{9A19103F-16F7-4668-BE54-9A1E7A4F7556}") = "OOP1", "OOP1\OOP1.csproj", "{4CFDBDF8-FD3D-474D-A824-C35CB7482B10}"
EndProject
Project("{9A19103F-16F7-4668-BE54-9A1E7A4F7556}") = "Koleksiyonlar", "Koleksiyonlar\Koleksiyonlar.csproj", "{DEA45948-5562-464C-8FBA-2F2512E92715}"
EndProject
Project("{9A19103F-16F7-4668-BE54-9A1E7A4F7556}") = "GenericsIntro", "GenericsIntro\GenericsIntro.csproj", "{D1536B70-4F47-4770-9793-BB79D92B5BB7}"
EndProject
Project("{FAE04EC0-301F-11D3-BF4B-00C04F79EFBC}") = "OOP2", "OOP2\OOP2.csproj", "{54D887C0-0490-4C90-8F5A-F83EBA6F6107}"
EndProject
Project("{FAE04EC0-301F-11D3-BF4B-00C04F79EFBC}") = "OOP3", "OOP3\OOP3.csproj", "{DE234510-EA7B-493D-9BF4-C5F98003EDDE}"
EndProject
Global
	GlobalSection(SolutionConfigurationPlatforms) = preSolution
		Debug|Any CPU = Debug|Any CPU
		Release|Any CPU = Release|Any CPU
	EndGlobalSection
	GlobalSection(ProjectConfigurationPlatforms) = postSolution
		{F4B3278D-EB54-4CCF-BA9E-984A53B22CF1}.Debug|Any CPU.ActiveCfg = Debug|Any CPU
		{F4B3278D-EB54-4CCF-BA9E-984A53B22CF1}.Debug|Any CPU.Build.0 = Debug|Any CPU
		{F4B3278D-EB54-4CCF-BA9E-984A53B22CF1}.Release|Any CPU.ActiveCfg = Release|Any CPU
		{F4B3278D-EB54-4CCF-BA9E-984A53B22CF1}.Release|Any CPU.Build.0 = Release|Any CPU
		{7DED8AED-5504-4D2B-A0AE-BE9BFBF2A586}.Debug|Any CPU.ActiveCfg = Debug|Any CPU
		{7DED8AED-5504-4D2B-A0AE-BE9BFBF2A586}.Debug|Any CPU.Build.0 = Debug|Any CPU
		{7DED8AED-5504-4D2B-A0AE-BE9BFBF2A586}.Release|Any CPU.ActiveCfg = Release|Any CPU
		{7DED8AED-5504-4D2B-A0AE-BE9BFBF2A586}.Release|Any CPU.Build.0 = Release|Any CPU
		{71CE0262-C3EC-4075-9501-87F33DE83208}.Debug|Any CPU.ActiveCfg = Debug|Any CPU
		{71CE0262-C3EC-4075-9501-87F33DE83208}.Debug|Any CPU.Build.0 = Debug|Any CPU
		{71CE0262-C3EC-4075-9501-87F33DE83208}.Release|Any CPU.ActiveCfg = Release|Any CPU
		{71CE0262-C3EC-4075-9501-87F33DE83208}.Release|Any CPU.Build.0 = Release|Any CPU
		{5C52E43B-F9E1-4E93-BA39-865B81AC2E62}.Debug|Any CPU.ActiveCfg = Debug|Any CPU
		{5C52E43B-F9E1-4E93-BA39-865B81AC2E62}.Debug|Any CPU.Build.0 = Debug|Any CPU
		{5C52E43B-F9E1-4E93-BA39-865B81AC2E62}.Release|Any CPU.ActiveCfg = Release|Any CPU
		{5C52E43B-F9E1-4E93-BA39-865B81AC2E62}.Release|Any CPU.Build.0 = Release|Any CPU
		{A5E2D228-3A64-43CE-80C1-FDBDE89483D6}.Debug|Any CPU.ActiveCfg = Debug|Any CPU
		{A5E2D228-3A64-43CE-80C1-FDBDE89483D6}.Debug|Any CPU.Build.0 = Debug|Any CPU
		{A5E2D228-3A64-43CE-80C1-FDBDE89483D6}.Release|Any CPU.ActiveCfg = Release|Any CPU
		{A5E2D228-3A64-43CE-80C1-FDBDE89483D6}.Release|Any CPU.Build.0 = Release|Any CPU
		{78A33522-F2FF-4217-9380-B75804CFB228}.Debug|Any CPU.ActiveCfg = Debug|Any CPU
		{78A33522-F2FF-4217-9380-B75804CFB228}.Debug|Any CPU.Build.0 = Debug|Any CPU
		{78A33522-F2FF-4217-9380-B75804CFB228}.Release|Any CPU.ActiveCfg = Release|Any CPU
		{78A33522-F2FF-4217-9380-B75804CFB228}.Release|Any CPU.Build.0 = Release|Any CPU
		{4CFDBDF8-FD3D-474D-A824-C35CB7482B10}.Debug|Any CPU.ActiveCfg = Debug|Any CPU
		{4CFDBDF8-FD3D-474D-A824-C35CB7482B10}.Debug|Any CPU.Build.0 = Debug|Any CPU
		{4CFDBDF8-FD3D-474D-A824-C35CB7482B10}.Release|Any CPU.ActiveCfg = Release|Any CPU
		{4CFDBDF8-FD3D-474D-A824-C35CB7482B10}.Release|Any CPU.Build.0 = Release|Any CPU
		{DEA45948-5562-464C-8FBA-2F2512E92715}.Debug|Any CPU.ActiveCfg = Debug|Any CPU
		{DEA45948-5562-464C-8FBA-2F2512E92715}.Debug|Any CPU.Build.0 = Debug|Any CPU
		{DEA45948-5562-464C-8FBA-2F2512E92715}.Release|Any CPU.ActiveCfg = Release|Any CPU
		{DEA45948-5562-464C-8FBA-2F2512E92715}.Release|Any CPU.Build.0 = Release|Any CPU
		{D1536B70-4F47-4770-9793-BB79D92B5BB7}.Debug|Any CPU.ActiveCfg = Debug|Any CPU
		{D1536B70-4F47-4770-9793-BB79D92B5BB7}.Debug|Any CPU.Build.0 = Debug|Any CPU
		{D1536B70-4F47-4770-9793-BB79D92B5BB7}.Release|Any CPU.ActiveCfg = Release|Any CPU
		{D1536B70-4F47-4770-9793-BB79D92B5BB7}.Release|Any CPU.Build.0 = Release|Any CPU
		{54D887C0-0490-4C90-8F5A-F83EBA6F6107}.Debug|Any CPU.ActiveCfg = Debug|Any CPU
		{54D887C0-0490-4C90-8F5A-F83EBA6F6107}.Debug|Any CPU.Build.0 = Debug|Any CPU
		{54D887C0-0490-4C90-8F5A-F83EBA6F6107}.Release|Any CPU.ActiveCfg = Release|Any CPU
		{54D887C0-0490-4C90-8F5A-F83EBA6F6107}.Release|Any CPU.Build.0 = Release|Any CPU
		{DE234510-EA7B-493D-9BF4-C5F98003EDDE}.Debug|Any CPU.ActiveCfg = Debug|Any CPU
		{DE234510-EA7B-493D-9BF4-C5F98003EDDE}.Debug|Any CPU.Build.0 = Debug|Any CPU
		{DE234510-EA7B-493D-9BF4-C5F98003EDDE}.Release|Any CPU.ActiveCfg = Release|Any CPU
		{DE234510-EA7B-493D-9BF4-C5F98003EDDE}.Release|Any CPU.Build.0 = Release|Any CPU
	EndGlobalSection
	GlobalSection(SolutionProperties) = preSolution
		HideSolutionNode = FALSE
	EndGlobalSection
	GlobalSection(ExtensibilityGlobals) = postSolution
		SolutionGuid = {F6737D14-01A3-4BCE-A9A1-57B59C60DA1E}
	EndGlobalSection
EndGlobal
